
Microsoft Visual Studio Solution File, Format Version 12.00
# Visual Studio Version 17
VisualStudioVersion = 17.4.33103.184
MinimumVisualStudioVersion = 10.0.40219.1
Project("{FAE04EC0-301F-11D3-BF4B-00C04F79EFBC}") = "reiztech", "reiztech\reiztech.csproj", "{967C1A02-C210-45F2-AAFB-03CEFCB2F9DE}"
EndProject
Global
	GlobalSection(SolutionConfigurationPlatforms) = preSolution
		Debug|Any CPU = Debug|Any CPU
		Release|Any CPU = Release|Any CPU
	EndGlobalSection
	GlobalSection(ProjectConfigurationPlatforms) = postSolution
		{967C1A02-C210-45F2-AAFB-03CEFCB2F9DE}.Debug|Any CPU.ActiveCfg = Debug|Any CPU
		{967C1A02-C210-45F2-AAFB-03CEFCB2F9DE}.Debug|Any CPU.Build.0 = Debug|Any CPU
		{967C1A02-C210-45F2-AAFB-03CEFCB2F9DE}.Release|Any CPU.ActiveCfg = Release|Any CPU
		{967C1A02-C210-45F2-AAFB-03CEFCB2F9DE}.Release|Any CPU.Build.0 = Release|Any CPU
	EndGlobalSection
	GlobalSection(SolutionProperties) = preSolution
		HideSolutionNode = FALSE
	EndGlobalSection
	GlobalSection(ExtensibilityGlobals) = postSolution
		SolutionGuid = {03E435B5-EFF2-491C-BBD5-E3D866A68A6E}
	EndGlobalSection
EndGlobal
